
Microsoft Visual Studio Solution File, Format Version 12.00
# Visual Studio Version 16
VisualStudioVersion = 16.0.31112.23
MinimumVisualStudioVersion = 10.0.40219.1
Project("{FAE04EC0-301F-11D3-BF4B-00C04F79EFBC}") = "GitRobot", "GitRobot\GitRobot.csproj", "{FCAA626B-8D6A-4AD2-9A11-85A70CD4E583}"
EndProject
Global
	GlobalSection(SolutionConfigurationPlatforms) = preSolution
		Debug|Any CPU = Debug|Any CPU
		Release|Any CPU = Release|Any CPU
	EndGlobalSection
	GlobalSection(ProjectConfigurationPlatforms) = postSolution
		{FCAA626B-8D6A-4AD2-9A11-85A70CD4E583}.Debug|Any CPU.ActiveCfg = Debug|Any CPU
		{FCAA626B-8D6A-4AD2-9A11-85A70CD4E583}.Debug|Any CPU.Build.0 = Debug|Any CPU
		{FCAA626B-8D6A-4AD2-9A11-85A70CD4E583}.Release|Any CPU.ActiveCfg = Release|Any CPU
		{FCAA626B-8D6A-4AD2-9A11-85A70CD4E583}.Release|Any CPU.Build.0 = Release|Any CPU
	EndGlobalSection
	GlobalSection(SolutionProperties) = preSolution
		HideSolutionNode = FALSE
	EndGlobalSection
	GlobalSection(ExtensibilityGlobals) = postSolution
		SolutionGuid = {36C71CD6-AE5E-4993-8A22-DE35C741107A}
	EndGlobalSection
EndGlobal
